// !$*UTF8*$!
{
	archiveVersion = 1;
	classes = {
	};
	objectVersion = 50;
	objects = {

/* Begin PBXBuildFile section */
		839824C122B9D4AA000B66D1 /* CardTableViewCell.swift in Sources */ = {isa = PBXBuildFile; fileRef = 839824C022B9D4AA000B66D1 /* CardTableViewCell.swift */; };
		839824C322BA7027000B66D1 /* GameVC.swift in Sources */ = {isa = PBXBuildFile; fileRef = 839824C222BA7027000B66D1 /* GameVC.swift */; };
		83EB294322B9B97F0019C463 /* AppDelegate.swift in Sources */ = {isa = PBXBuildFile; fileRef = 83EB294222B9B97F0019C463 /* AppDelegate.swift */; };
		83EB294822B9B97F0019C463 /* Main.storyboard in Resources */ = {isa = PBXBuildFile; fileRef = 83EB294622B9B97F0019C463 /* Main.storyboard */; };
		83EB294B22B9B97F0019C463 /* FlashCards.xcdatamodeld in Sources */ = {isa = PBXBuildFile; fileRef = 83EB294922B9B97F0019C463 /* FlashCards.xcdatamodeld */; };
		83EB294D22B9B9820019C463 /* Assets.xcassets in Resources */ = {isa = PBXBuildFile; fileRef = 83EB294C22B9B9820019C463 /* Assets.xcassets */; };
		83EB295022B9B9820019C463 /* LaunchScreen.storyboard in Resources */ = {isa = PBXBuildFile; fileRef = 83EB294E22B9B9820019C463 /* LaunchScreen.storyboard */; };
		83EB295822B9B9A70019C463 /* Card.swift in Sources */ = {isa = PBXBuildFile; fileRef = 83EB295722B9B9A70019C463 /* Card.swift */; };
		83EB295A22B9B9B30019C463 /* Deck.swift in Sources */ = {isa = PBXBuildFile; fileRef = 83EB295922B9B9B30019C463 /* Deck.swift */; };
		83EB295E22B9BAA60019C463 /* CardsVC.swift in Sources */ = {isa = PBXBuildFile; fileRef = 83EB295D22B9BAA60019C463 /* CardsVC.swift */; };
		83EB296222B9BAEE0019C463 /* DecksVC.swift in Sources */ = {isa = PBXBuildFile; fileRef = 83EB296122B9BAEE0019C463 /* DecksVC.swift */; };
		83EB296422B9BC450019C463 /* DeckCollectionViewCell.swift in Sources */ = {isa = PBXBuildFile; fileRef = 83EB296322B9BC450019C463 /* DeckCollectionViewCell.swift */; };
/* End PBXBuildFile section */

/* Begin PBXFileReference section */
		839824C022B9D4AA000B66D1 /* CardTableViewCell.swift */ = {isa = PBXFileReference; lastKnownFileType = sourcecode.swift; path = CardTableViewCell.swift; sourceTree = "<group>"; };
		839824C222BA7027000B66D1 /* GameVC.swift */ = {isa = PBXFileReference; lastKnownFileType = sourcecode.swift; path = GameVC.swift; sourceTree = "<group>"; };
		83EB293F22B9B97F0019C463 /* FlashCards.app */ = {isa = PBXFileReference; explicitFileType = wrapper.application; includeInIndex = 0; path = FlashCards.app; sourceTree = BUILT_PRODUCTS_DIR; };
		83EB294222B9B97F0019C463 /* AppDelegate.swift */ = {isa = PBXFileReference; lastKnownFileType = sourcecode.swift; path = AppDelegate.swift; sourceTree = "<group>"; };
		83EB294722B9B97F0019C463 /* Base */ = {isa = PBXFileReference; lastKnownFileType = file.storyboard; name = Base; path = Base.lproj/Main.storyboard; sourceTree = "<group>"; };
		83EB294A22B9B97F0019C463 /* FlashCards.xcdatamodel */ = {isa = PBXFileReference; lastKnownFileType = wrapper.xcdatamodel; path = FlashCards.xcdatamodel; sourceTree = "<group>"; };
		83EB294C22B9B9820019C463 /* Assets.xcassets */ = {isa = PBXFileReference; lastKnownFileType = folder.assetcatalog; path = Assets.xcassets; sourceTree = "<group>"; };
		83EB294F22B9B9820019C463 /* Base */ = {isa = PBXFileReference; lastKnownFileType = file.storyboard; name = Base; path = Base.lproj/LaunchScreen.storyboard; sourceTree = "<group>"; };
		83EB295122B9B9820019C463 /* Info.plist */ = {isa = PBXFileReference; lastKnownFileType = text.plist.xml; path = Info.plist; sourceTree = "<group>"; };
		83EB295722B9B9A70019C463 /* Card.swift */ = {isa = PBXFileReference; lastKnownFileType = sourcecode.swift; path = Card.swift; sourceTree = "<group>"; };
		83EB295922B9B9B30019C463 /* Deck.swift */ = {isa = PBXFileReference; lastKnownFileType = sourcecode.swift; path = Deck.swift; sourceTree = "<group>"; };
		83EB295D22B9BAA60019C463 /* CardsVC.swift */ = {isa = PBXFileReference; lastKnownFileType = sourcecode.swift; path = CardsVC.swift; sourceTree = "<group>"; };
		83EB296122B9BAEE0019C463 /* DecksVC.swift */ = {isa = PBXFileReference; lastKnownFileType = sourcecode.swift; path = DecksVC.swift; sourceTree = "<group>"; };
		83EB296322B9BC450019C463 /* DeckCollectionViewCell.swift */ = {isa = PBXFileReference; lastKnownFileType = sourcecode.swift; path = DeckCollectionViewCell.swift; sourceTree = "<group>"; };
/* End PBXFileReference section */

/* Begin PBXFrameworksBuildPhase section */
		83EB293C22B9B97F0019C463 /* Frameworks */ = {
			isa = PBXFrameworksBuildPhase;
			buildActionMask = 2147483647;
			files = (
			);
			runOnlyForDeploymentPostprocessing = 0;
		};
/* End PBXFrameworksBuildPhase section */

/* Begin PBXGroup section */
		83EB293622B9B97F0019C463 = {
			isa = PBXGroup;
			children = (
				83EB294122B9B97F0019C463 /* FlashCards */,
				83EB294022B9B97F0019C463 /* Products */,
			);
			sourceTree = "<group>";
		};
		83EB294022B9B97F0019C463 /* Products */ = {
			isa = PBXGroup;
			children = (
				83EB293F22B9B97F0019C463 /* FlashCards.app */,
			);
			name = Products;
			sourceTree = "<group>";
		};
		83EB294122B9B97F0019C463 /* FlashCards */ = {
			isa = PBXGroup;
			children = (
				83EB294222B9B97F0019C463 /* AppDelegate.swift */,
				83EB295722B9B9A70019C463 /* Card.swift */,
				83EB295922B9B9B30019C463 /* Deck.swift */,
				83EB296122B9BAEE0019C463 /* DecksVC.swift */,
				83EB295D22B9BAA60019C463 /* CardsVC.swift */,
				839824C222BA7027000B66D1 /* GameVC.swift */,
				83EB294622B9B97F0019C463 /* Main.storyboard */,
				839824C022B9D4AA000B66D1 /* CardTableViewCell.swift */,
				83EB296322B9BC450019C463 /* DeckCollectionViewCell.swift */,
				83EB294C22B9B9820019C463 /* Assets.xcassets */,
				83EB294E22B9B9820019C463 /* LaunchScreen.storyboard */,
				83EB295122B9B9820019C463 /* Info.plist */,
				83EB294922B9B97F0019C463 /* FlashCards.xcdatamodeld */,
			);
			path = FlashCards;
			sourceTree = "<group>";
		};
/* End PBXGroup section */

/* Begin PBXNativeTarget section */
		83EB293E22B9B97F0019C463 /* FlashCards */ = {
			isa = PBXNativeTarget;
			buildConfigurationList = 83EB295422B9B9820019C463 /* Build configuration list for PBXNativeTarget "FlashCards" */;
			buildPhases = (
				83EB293B22B9B97F0019C463 /* Sources */,
				83EB293C22B9B97F0019C463 /* Frameworks */,
				83EB293D22B9B97F0019C463 /* Resources */,
			);
			buildRules = (
			);
			dependencies = (
			);
			name = FlashCards;
			productName = FlashCards;
			productReference = 83EB293F22B9B97F0019C463 /* FlashCards.app */;
			productType = "com.apple.product-type.application";
		};
/* End PBXNativeTarget section */

/* Begin PBXProject section */
		83EB293722B9B97F0019C463 /* Project object */ = {
			isa = PBXProject;
			attributes = {
				LastSwiftUpdateCheck = 1020;
				LastUpgradeCheck = 1020;
				ORGANIZATIONNAME = AssistStat;
				TargetAttributes = {
					83EB293E22B9B97F0019C463 = {
						CreatedOnToolsVersion = 10.2.1;
					};
				};
			};
			buildConfigurationList = 83EB293A22B9B97F0019C463 /* Build configuration list for PBXProject "FlashCards" */;
			compatibilityVersion = "Xcode 9.3";
			developmentRegion = en;
			hasScannedForEncodings = 0;
			knownRegions = (
				en,
				Base,
			);
			mainGroup = 83EB293622B9B97F0019C463;
			productRefGroup = 83EB294022B9B97F0019C463 /* Products */;
			projectDirPath = "";
			projectRoot = "";
			targets = (
				83EB293E22B9B97F0019C463 /* FlashCards */,
			);
		};
/* End PBXProject section */

/* Begin PBXResourcesBuildPhase section */
		83EB293D22B9B97F0019C463 /* Resources */ = {
			isa = PBXResourcesBuildPhase;
			buildActionMask = 2147483647;
			files = (
				83EB295022B9B9820019C463 /* LaunchScreen.storyboard in Resources */,
				83EB294D22B9B9820019C463 /* Assets.xcassets in Resources */,
				83EB294822B9B97F0019C463 /* Main.storyboard in Resources */,
			);
			runOnlyForDeploymentPostprocessing = 0;
		};
/* End PBXResourcesBuildPhase section */

/* Begin PBXSourcesBuildPhase section */
		83EB293B22B9B97F0019C463 /* Sources */ = {
			isa = PBXSourcesBuildPhase;
			buildActionMask = 2147483647;
			files = (
				83EB294B22B9B97F0019C463 /* FlashCards.xcdatamodeld in Sources */,
				83EB295E22B9BAA60019C463 /* CardsVC.swift in Sources */,
				83EB295A22B9B9B30019C463 /* Deck.swift in Sources */,
				83EB294322B9B97F0019C463 /* AppDelegate.swift in Sources */,
				83EB295822B9B9A70019C463 /* Card.swift in Sources */,
				83EB296222B9BAEE0019C463 /* DecksVC.swift in Sources */,
				83EB296422B9BC450019C463 /* DeckCollectionViewCell.swift in Sources */,
				839824C322BA7027000B66D1 /* GameVC.swift in Sources */,
				839824C122B9D4AA000B66D1 /* CardTableViewCell.swift in Sources */,
			);
			runOnlyForDeploymentPostprocessing = 0;
		};
/* End PBXSourcesBuildPhase section */

/* Begin PBXVariantGroup section */
		83EB294622B9B97F0019C463 /* Main.storyboard */ = {
			isa = PBXVariantGroup;
			children = (
				83EB294722B9B97F0019C463 /* Base */,
			);
			name = Main.storyboard;
			sourceTree = "<group>";
		};
		83EB294E22B9B9820019C463 /* LaunchScreen.storyboard */ = {
			isa = PBXVariantGroup;
			children = (
				83EB294F22B9B9820019C463 /* Base */,
			);
			name = LaunchScreen.storyboard;
			sourceTree = "<group>";
		};
/* End PBXVariantGroup section */

/* Begin XCBuildConfiguration section */
		83EB295222B9B9820019C463 /* Debug */ = {
			isa = XCBuildConfiguration;
			buildSettings = {
				ALWAYS_SEARCH_USER_PATHS = NO;
				CLANG_ANALYZER_NONNULL = YES;
				CLANG_ANALYZER_NUMBER_OBJECT_CONVERSION = YES_AGGRESSIVE;
				CLANG_CXX_LANGUAGE_STANDARD = "gnu++14";
				CLANG_CXX_LIBRARY = "libc++";
				CLANG_ENABLE_MODULES = YES;
				CLANG_ENABLE_OBJC_ARC = YES;
				CLANG_ENABLE_OBJC_WEAK = YES;
				CLANG_WARN_BLOCK_CAPTURE_AUTORELEASING = YES;
				CLANG_WARN_BOOL_CONVERSION = YES;
				CLANG_WARN_COMMA = YES;
				CLANG_WARN_CONSTANT_CONVERSION = YES;
				CLANG_WARN_DEPRECATED_OBJC_IMPLEMENTATIONS = YES;
				CLANG_WARN_DIRECT_OBJC_ISA_USAGE = YES_ERROR;
				CLANG_WARN_DOCUMENTATION_COMMENTS = YES;
				CLANG_WARN_EMPTY_BODY = YES;
				CLANG_WARN_ENUM_CONVERSION = YES;
				CLANG_WARN_INFINITE_RECURSION = YES;
				CLANG_WARN_INT_CONVERSION = YES;
				CLANG_WARN_NON_LITERAL_NULL_CONVERSION = YES;
				CLANG_WARN_OBJC_IMPLICIT_RETAIN_SELF = YES;
				CLANG_WARN_OBJC_LITERAL_CONVERSION = YES;
				CLANG_WARN_OBJC_ROOT_CLASS = YES_ERROR;
				CLANG_WARN_RANGE_LOOP_ANALYSIS = YES;
				CLANG_WARN_STRICT_PROTOTYPES = YES;
				CLANG_WARN_SUSPICIOUS_MOVE = YES;
				CLANG_WARN_UNGUARDED_AVAILABILITY = YES_AGGRESSIVE;
				CLANG_WARN_UNREACHABLE_CODE = YES;
				CLANG_WARN__DUPLICATE_METHOD_MATCH = YES;
				CODE_SIGN_IDENTITY = "iPhone Developer";
				COPY_PHASE_STRIP = NO;
				DEBUG_INFORMATION_FORMAT = dwarf;
				ENABLE_STRICT_OBJC_MSGSEND = YES;
				ENABLE_TESTABILITY = YES;
				GCC_C_LANGUAGE_STANDARD = gnu11;
				GCC_DYNAMIC_NO_PIC = NO;
				GCC_NO_COMMON_BLOCKS = YES;
				GCC_OPTIMIZATION_LEVEL = 0;
				GCC_PREPROCESSOR_DEFINITIONS = (
					"DEBUG=1",
					"$(inherited)",
				);
				GCC_WARN_64_TO_32_BIT_CONVERSION = YES;
				GCC_WARN_ABOUT_RETURN_TYPE = YES_ERROR;
				GCC_WARN_UNDECLARED_SELECTOR = YES;
				GCC_WARN_UNINITIALIZED_AUTOS = YES_AGGRESSIVE;
				GCC_WARN_UNUSED_FUNCTION = YES;
				GCC_WARN_UNUSED_VARIABLE = YES;
				IPHONEOS_DEPLOYMENT_TARGET = 12.2;
				MTL_ENABLE_DEBUG_INFO = INCLUDE_SOURCE;
				MTL_FAST_MATH = YES;
				ONLY_ACTIVE_ARCH = YES;
				SDKROOT = iphoneos;
				SWIFT_ACTIVE_COMPILATION_CONDITIONS = DEBUG;
				SWIFT_OPTIMIZATION_LEVEL = "-Onone";
			};
			name = Debug;
		};
		83EB295322B9B9820019C463 /* Release */ = {
			isa = XCBuildConfiguration;
			buildSettings = {
				ALWAYS_SEARCH_USER_PATHS = NO;
				CLANG_ANALYZER_NONNULL = YES;
				CLANG_ANALYZER_NUMBER_OBJECT_CONVERSION = YES_AGGRESSIVE;
				CLANG_CXX_LANGUAGE_STANDARD = "gnu++14";
				CLANG_CXX_LIBRARY = "libc++";
				CLANG_ENABLE_MODULES = YES;
				CLANG_ENABLE_OBJC_ARC = YES;
				CLANG_ENABLE_OBJC_WEAK = YES;
				CLANG_WARN_BLOCK_CAPTURE_AUTORELEASING = YES;
				CLANG_WARN_BOOL_CONVERSION = YES;
				CLANG_WARN_COMMA = YES;
				CLANG_WARN_CONSTANT_CONVERSION = YES;
				CLANG_WARN_DEPRECATED_OBJC_IMPLEMENTATIONS = YES;
				CLANG_WARN_DIRECT_OBJC_ISA_USAGE = YES_ERROR;
				CLANG_WARN_DOCUMENTATION_COMMENTS = YES;
				CLANG_WARN_EMPTY_BODY = YES;
				CLANG_WARN_ENUM_CONVERSION = YES;
				CLANG_WARN_INFINITE_RECURSION = YES;
				CLANG_WARN_INT_CONVERSION = YES;
				CLANG_WARN_NON_LITERAL_NULL_CONVERSION = YES;
				CLANG_WARN_OBJC_IMPLICIT_RETAIN_SELF = YES;
				CLANG_WARN_OBJC_LITERAL_CONVERSION = YES;
				CLANG_WARN_OBJC_ROOT_CLASS = YES_ERROR;
				CLANG_WARN_RANGE_LOOP_ANALYSIS = YES;
				CLANG_WARN_STRICT_PROTOTYPES = YES;
				CLANG_WARN_SUSPICIOUS_MOVE = YES;
				CLANG_WARN_UNGUARDED_AVAILABILITY = YES_AGGRESSIVE;
				CLANG_WARN_UNREACHABLE_CODE = YES;
				CLANG_WARN__DUPLICATE_METHOD_MATCH = YES;
				CODE_SIGN_IDENTITY = "iPhone Developer";
				COPY_PHASE_STRIP = NO;
				DEBUG_INFORMATION_FORMAT = "dwarf-with-dsym";
				ENABLE_NS_ASSERTIONS = NO;
				ENABLE_STRICT_OBJC_MSGSEND = YES;
				GCC_C_LANGUAGE_STANDARD = gnu11;
				GCC_NO_COMMON_BLOCKS = YES;
				GCC_WARN_64_TO_32_BIT_CONVERSION = YES;
				GCC_WARN_ABOUT_RETURN_TYPE = YES_ERROR;
				GCC_WARN_UNDECLARED_SELECTOR = YES;
				GCC_WARN_UNINITIALIZED_AUTOS = YES_AGGRESSIVE;
				GCC_WARN_UNUSED_FUNCTION = YES;
				GCC_WARN_UNUSED_VARIABLE = YES;
				IPHONEOS_DEPLOYMENT_TARGET = 12.2;
				MTL_ENABLE_DEBUG_INFO = NO;
				MTL_FAST_MATH = YES;
				SDKROOT = iphoneos;
				SWIFT_COMPILATION_MODE = wholemodule;
				SWIFT_OPTIMIZATION_LEVEL = "-O";
				VALIDATE_PRODUCT = YES;
			};
			name = Release;
		};
		83EB295522B9B9820019C463 /* Debug */ = {
			isa = XCBuildConfiguration;
			buildSettings = {
				ASSETCATALOG_COMPILER_APPICON_NAME = "AppIcon-1";
				CODE_SIGN_STYLE = Automatic;
				DEVELOPMENT_TEAM = 84LWTY6T5F;
				INFOPLIST_FILE = FlashCards/Info.plist;
				IPHONEOS_DEPLOYMENT_TARGET = 11.0;
				LD_RUNPATH_SEARCH_PATHS = (
					"$(inherited)",
					"@executable_path/Frameworks",
				);
				PRODUCT_BUNDLE_IDENTIFIER = com.AssistStat.FlashCards;
				PRODUCT_NAME = "$(TARGET_NAME)";
				SWIFT_VERSION = 5.0;
				TARGETED_DEVICE_FAMILY = "1,2";
			};
			name = Debug;
		};
		83EB295622B9B9820019C463 /* Release */ = {
			isa = XCBuildConfiguration;
			buildSettings = {
				ASSETCATALOG_COMPILER_APPICON_NAME = "AppIcon-1";
				CODE_SIGN_STYLE = Automatic;
				DEVELOPMENT_TEAM = 84LWTY6T5F;
				INFOPLIST_FILE = FlashCards/Info.plist;
				IPHONEOS_DEPLOYMENT_TARGET = 11.0;
				LD_RUNPATH_SEARCH_PATHS = (
					"$(inherited)",
					"@executable_path/Frameworks",
				);
				PRODUCT_BUNDLE_IDENTIFIER = com.AssistStat.FlashCards;
				PRODUCT_NAME = "$(TARGET_NAME)";
				SWIFT_VERSION = 5.0;
				TARGETED_DEVICE_FAMILY = "1,2";
			};
			name = Release;
		};
/* End XCBuildConfiguration section */

/* Begin XCConfigurationList section */
		83EB293A22B9B97F0019C463 /* Build configuration list for PBXProject "FlashCards" */ = {
			isa = XCConfigurationList;
			buildConfigurations = (
				83EB295222B9B9820019C463 /* Debug */,
				83EB295322B9B9820019C463 /* Release */,
			);
			defaultConfigurationIsVisible = 0;
			defaultConfigurationName = Release;
		};
		83EB295422B9B9820019C463 /* Build configuration list for PBXNativeTarget "FlashCards" */ = {
			isa = XCConfigurationList;
			buildConfigurations = (
				83EB295522B9B9820019C463 /* Debug */,
				83EB295622B9B9820019C463 /* Release */,
			);
			defaultConfigurationIsVisible = 0;
			defaultConfigurationName = Release;
		};
/* End XCConfigurationList section */

/* Begin XCVersionGroup section */
		83EB294922B9B97F0019C463 /* FlashCards.xcdatamodeld */ = {
			isa = XCVersionGroup;
			children = (
				83EB294A22B9B97F0019C463 /* FlashCards.xcdatamodel */,
			);
			currentVersion = 83EB294A22B9B97F0019C463 /* FlashCards.xcdatamodel */;
			path = FlashCards.xcdatamodeld;
			sourceTree = "<group>";
			versionGroupType = wrapper.xcdatamodel;
		};
/* End XCVersionGroup section */
	};
	rootObject = 83EB293722B9B97F0019C463 /* Project object */;
}
